{
  "version": 4,
  "terraform_version": "1.8.1",
  "serial": 131,
  "lineage": "4cf49f07-d705-b2f6-68cc-eaacece5d1d9",
  "outputs": {
    "azurerm_virtual_network_lonVnet": {
      "value": {
        "address_space": [
          "10.0.0.0/16"
        ],
        "bgp_community": "",
        "ddos_protection_plan": [],
        "dns_servers": [
          "10.0.0.4",
          "10.0.0.5"
        ],
        "edge_zone": "",
        "flow_timeout_in_minutes": 0,
        "guid": "b9958843-eafe-4f55-a2b1-b8deadab32f2",
        "id": "/subscriptions/4eba850c-01a8-4df2-ab0e-99abc5db481c/resourceGroups/Corp-Lon-Network/providers/Microsoft.Network/virtualNetworks/Corp-Lon-Core-VNET",
        "location": "uksouth",
        "name": "Corp-Lon-Core-VNET",
        "resource_group_name": "Corp-Lon-Network",
        "subnet": [
          {
            "address_prefix": "10.0.1.0/24",
            "id": "/subscriptions/4eba850c-01a8-4df2-ab0e-99abc5db481c/resourceGroups/Corp-Lon-Network/providers/Microsoft.Network/virtualNetworks/Corp-Lon-Core-VNET/subnets/Corp-Lon-Core-VNET-Subnet-Infra",
            "name": "Corp-Lon-Core-VNET-Subnet-Infra",
            "security_group": "/subscriptions/4eba850c-01a8-4df2-ab0e-99abc5db481c/resourceGroups/Corp-Lon-Network/providers/Microsoft.Network/networkSecurityGroups/Corp-Lon-Core-Network-NSGInfra"
          }
        ],
        "tags": {},
        "timeouts": null
      },
      "type": [
        "object",
        {
          "address_space": [
            "list",
            "string"
          ],
          "bgp_community": "string",
          "ddos_protection_plan": [
            "list",
            [
              "object",
              {
                "enable": "bool",
                "id": "string"
              }
            ]
          ],
          "dns_servers": [
            "list",
            "string"
          ],
          "edge_zone": "string",
          "flow_timeout_in_minutes": "number",
          "guid": "string",
          "id": "string",
          "location": "string",
          "name": "string",
          "resource_group_name": "string",
          "subnet": [
            "set",
            [
              "object",
              {
                "address_prefix": "string",
                "id": "string",
                "name": "string",
                "security_group": "string"
              }
            ]
          ],
          "tags": [
            "map",
            "string"
          ],
          "timeouts": [
            "object",
            {
              "create": "string",
              "delete": "string",
              "read": "string",
              "update": "string"
            }
          ]
        }
      ]
    },
    "resource_group_name_Images": {
      "value": {
        "id": "/subscriptions/4eba850c-01a8-4df2-ab0e-99abc5db481c/resourceGroups/Corp-Lon-Images",
        "location": "uksouth",
        "name": "Corp-Lon-Images",
        "tags": null,
        "timeouts": null
      },
      "type": [
        "object",
        {
          "id": "string",
          "location": "string",
          "name": "string",
          "tags": [
            "map",
            "string"
          ],
          "timeouts": [
            "object",
            {
              "create": "string",
              "delete": "string",
              "read": "string",
              "update": "string"
            }
          ]
        }
      ]
    },
    "resource_group_name_Monitor": {
      "value": {
        "id": "/subscriptions/4eba850c-01a8-4df2-ab0e-99abc5db481c/resourceGroups/Corp-Lon-Monitoring",
        "location": "uksouth",
        "name": "Corp-Lon-Monitoring",
        "tags": {},
        "timeouts": null
      },
      "type": [
        "object",
        {
          "id": "string",
          "location": "string",
          "name": "string",
          "tags": [
            "map",
            "string"
          ],
          "timeouts": [
            "object",
            {
              "create": "string",
              "delete": "string",
              "read": "string",
              "update": "string"
            }
          ]
        }
      ]
    },
    "resource_group_name_Network": {
      "value": {
        "id": "/subscriptions/4eba850c-01a8-4df2-ab0e-99abc5db481c/resourceGroups/Corp-Lon-Network",
        "location": "uksouth",
        "name": "Corp-Lon-Network",
        "tags": {},
        "timeouts": null
      },
      "type": [
        "object",
        {
          "id": "string",
          "location": "string",
          "name": "string",
          "tags": [
            "map",
            "string"
          ],
          "timeouts": [
            "object",
            {
              "create": "string",
              "delete": "string",
              "read": "string",
              "update": "string"
            }
          ]
        }
      ]
    },
    "resource_group_name_Security": {
      "value": {
        "id": "/subscriptions/4eba850c-01a8-4df2-ab0e-99abc5db481c/resourceGroups/Corp-Lon-Security",
        "location": "uksouth",
        "name": "Corp-Lon-Security",
        "tags": {},
        "timeouts": null
      },
      "type": [
        "object",
        {
          "id": "string",
          "location": "string",
          "name": "string",
          "tags": [
            "map",
            "string"
          ],
          "timeouts": [
            "object",
            {
              "create": "string",
              "delete": "string",
              "read": "string",
              "update": "string"
            }
          ]
        }
      ]
    },
    "resource_group_name_Storage": {
      "value": {
        "id": "/subscriptions/4eba850c-01a8-4df2-ab0e-99abc5db481c/resourceGroups/Corp-Lon-Storage",
        "location": "uksouth",
        "name": "Corp-Lon-Storage",
        "tags": {},
        "timeouts": null
      },
      "type": [
        "object",
        {
          "id": "string",
          "location": "string",
          "name": "string",
          "tags": [
            "map",
            "string"
          ],
          "timeouts": [
            "object",
            {
              "create": "string",
              "delete": "string",
              "read": "string",
              "update": "string"
            }
          ]
        }
      ]
    },
    "resource_group_name_Vault": {
      "value": {
        "id": "/subscriptions/4eba850c-01a8-4df2-ab0e-99abc5db481c/resourceGroups/Corp-Lon-Vault",
        "location": "uksouth",
        "name": "Corp-Lon-Vault",
        "tags": {},
        "timeouts": null
      },
      "type": [
        "object",
        {
          "id": "string",
          "location": "string",
          "name": "string",
          "tags": [
            "map",
            "string"
          ],
          "timeouts": [
            "object",
            {
              "create": "string",
              "delete": "string",
              "read": "string",
              "update": "string"
            }
          ]
        }
      ]
    },
    "resource_group_name_loninternet": {
      "value": {
        "id": "/subscriptions/4eba850c-01a8-4df2-ab0e-99abc5db481c/resourceGroups/Corp-Lon-Internet",
        "location": "uksouth",
        "name": "Corp-Lon-Internet",
        "tags": {
          "Office": "London",
          "environment": "PROD",
          "type": "External"
        },
        "timeouts": null
      },
      "type": [
        "object",
        {
          "id": "string",
          "location": "string",
          "name": "string",
          "tags": [
            "map",
            "string"
          ],
          "timeouts": [
            "object",
            {
              "create": "string",
              "delete": "string",
              "read": "string",
              "update": "string"
            }
          ]
        }
      ]
    }
  },
  "resources": [
    {
      "mode": "managed",
      "type": "azurerm_network_security_group",
      "name": "Lonintenretnsg",
      "provider": "provider[\"registry.terraform.io/hashicorp/azurerm\"].Main",
      "instances": [
        {
          "schema_version": 0,
          "attributes": {
            "id": "/subscriptions/4eba850c-01a8-4df2-ab0e-99abc5db481c/resourceGroups/Corp-Lon-Internet/providers/Microsoft.Network/networkSecurityGroups/Corp-Lon-Internet-NSG",
            "location": "uksouth",
            "name": "Corp-Lon-Internet-NSG",
            "resource_group_name": "Corp-Lon-Internet",
            "security_rule": [],
            "tags": {
              "Office": "London",
              "environment": "PROD",
              "type": "External"
            },
            "timeouts": null
          },
          "sensitive_attributes": [],
          "private": "eyJlMmJmYjczMC1lY2FhLTExZTYtOGY4OC0zNDM2M2JjN2M0YzAiOnsiY3JlYXRlIjoxODAwMDAwMDAwMDAwLCJkZWxldGUiOjE4MDAwMDAwMDAwMDAsInJlYWQiOjMwMDAwMDAwMDAwMCwidXBkYXRlIjoxODAwMDAwMDAwMDAwfX0=",
          "dependencies": [
            "azurerm_resource_group.Loninternet"
          ]
        }
      ]
    },
    {
      "mode": "managed",
      "type": "azurerm_network_security_group",
      "name": "loncorpnetNSGClients",
      "provider": "provider[\"registry.terraform.io/hashicorp/azurerm\"].Main",
      "instances": [
        {
          "schema_version": 0,
          "attributes": {
            "id": "/subscriptions/4eba850c-01a8-4df2-ab0e-99abc5db481c/resourceGroups/Corp-Lon-Network/providers/Microsoft.Network/networkSecurityGroups/Corp-Lon-Core-Network-NSGClients",
            "location": "uksouth",
            "name": "Corp-Lon-Core-Network-NSGClients",
            "resource_group_name": "Corp-Lon-Network",
            "security_rule": [],
            "tags": {},
            "timeouts": null
          },
          "sensitive_attributes": [],
          "private": "eyJlMmJmYjczMC1lY2FhLTExZTYtOGY4OC0zNDM2M2JjN2M0YzAiOnsiY3JlYXRlIjoxODAwMDAwMDAwMDAwLCJkZWxldGUiOjE4MDAwMDAwMDAwMDAsInJlYWQiOjMwMDAwMDAwMDAwMCwidXBkYXRlIjoxODAwMDAwMDAwMDAwfX0=",
          "dependencies": [
            "azurerm_resource_group.rgNetwork"
          ]
        }
      ]
    },
    {
      "mode": "managed",
      "type": "azurerm_network_security_group",
      "name": "loncorpnetNSGInfra",
      "provider": "provider[\"registry.terraform.io/hashicorp/azurerm\"].Main",
      "instances": [
        {
          "schema_version": 0,
          "attributes": {
            "id": "/subscriptions/4eba850c-01a8-4df2-ab0e-99abc5db481c/resourceGroups/Corp-Lon-Network/providers/Microsoft.Network/networkSecurityGroups/Corp-Lon-Core-Network-NSGInfra",
            "location": "uksouth",
            "name": "Corp-Lon-Core-Network-NSGInfra",
            "resource_group_name": "Corp-Lon-Network",
            "security_rule": [],
            "tags": {},
            "timeouts": null
          },
          "sensitive_attributes": [],
          "private": "eyJlMmJmYjczMC1lY2FhLTExZTYtOGY4OC0zNDM2M2JjN2M0YzAiOnsiY3JlYXRlIjoxODAwMDAwMDAwMDAwLCJkZWxldGUiOjE4MDAwMDAwMDAwMDAsInJlYWQiOjMwMDAwMDAwMDAwMCwidXBkYXRlIjoxODAwMDAwMDAwMDAwfX0=",
          "dependencies": [
            "azurerm_resource_group.rgNetwork"
          ]
        }
      ]
    },
    {
      "mode": "managed",
      "type": "azurerm_resource_group",
      "name": "Loninternet",
      "provider": "provider[\"registry.terraform.io/hashicorp/azurerm\"].Main",
      "instances": [
        {
          "schema_version": 0,
          "attributes": {
            "id": "/subscriptions/4eba850c-01a8-4df2-ab0e-99abc5db481c/resourceGroups/Corp-Lon-Internet",
            "location": "uksouth",
            "name": "Corp-Lon-Internet",
            "tags": {
              "Office": "London",
              "environment": "PROD",
              "type": "External"
            },
            "timeouts": null
          },
          "sensitive_attributes": [],
          "private": "eyJlMmJmYjczMC1lY2FhLTExZTYtOGY4OC0zNDM2M2JjN2M0YzAiOnsiY3JlYXRlIjo1NDAwMDAwMDAwMDAwLCJkZWxldGUiOjU0MDAwMDAwMDAwMDAsInJlYWQiOjMwMDAwMDAwMDAwMCwidXBkYXRlIjo1NDAwMDAwMDAwMDAwfX0="
        }
      ]
    },
    {
      "mode": "managed",
      "type": "azurerm_resource_group",
      "name": "lonDC",
      "provider": "provider[\"registry.terraform.io/hashicorp/azurerm\"].Main",
      "instances": [
        {
          "schema_version": 0,
          "attributes": {
            "id": "/subscriptions/4eba850c-01a8-4df2-ab0e-99abc5db481c/resourceGroups/Corp-Lon-DC01",
            "location": "uksouth",
            "name": "Corp-Lon-DC01",
            "tags": null,
            "timeouts": null
          },
          "sensitive_attributes": [],
          "private": "eyJlMmJmYjczMC1lY2FhLTExZTYtOGY4OC0zNDM2M2JjN2M0YzAiOnsiY3JlYXRlIjo1NDAwMDAwMDAwMDAwLCJkZWxldGUiOjU0MDAwMDAwMDAwMDAsInJlYWQiOjMwMDAwMDAwMDAwMCwidXBkYXRlIjo1NDAwMDAwMDAwMDAwfX0="
        }
      ]
    },
    {
      "mode": "managed",
      "type": "azurerm_resource_group",
      "name": "rgImages",
      "provider": "provider[\"registry.terraform.io/hashicorp/azurerm\"].Main",
      "instances": [
        {
          "schema_version": 0,
          "attributes": {
            "id": "/subscriptions/4eba850c-01a8-4df2-ab0e-99abc5db481c/resourceGroups/Corp-Lon-Images",
            "location": "uksouth",
            "name": "Corp-Lon-Images",
            "tags": null,
            "timeouts": null
          },
          "sensitive_attributes": [],
          "private": "eyJlMmJmYjczMC1lY2FhLTExZTYtOGY4OC0zNDM2M2JjN2M0YzAiOnsiY3JlYXRlIjo1NDAwMDAwMDAwMDAwLCJkZWxldGUiOjU0MDAwMDAwMDAwMDAsInJlYWQiOjMwMDAwMDAwMDAwMCwidXBkYXRlIjo1NDAwMDAwMDAwMDAwfX0="
        }
      ]
    },
    {
      "mode": "managed",
      "type": "azurerm_resource_group",
      "name": "rgMonitor",
      "provider": "provider[\"registry.terraform.io/hashicorp/azurerm\"].Main",
      "instances": [
        {
          "schema_version": 0,
          "attributes": {
            "id": "/subscriptions/4eba850c-01a8-4df2-ab0e-99abc5db481c/resourceGroups/Corp-Lon-Monitoring",
            "location": "uksouth",
            "name": "Corp-Lon-Monitoring",
            "tags": {},
            "timeouts": null
          },
          "sensitive_attributes": [],
          "private": "eyJlMmJmYjczMC1lY2FhLTExZTYtOGY4OC0zNDM2M2JjN2M0YzAiOnsiY3JlYXRlIjo1NDAwMDAwMDAwMDAwLCJkZWxldGUiOjU0MDAwMDAwMDAwMDAsInJlYWQiOjMwMDAwMDAwMDAwMCwidXBkYXRlIjo1NDAwMDAwMDAwMDAwfX0="
        }
      ]
    },
    {
      "mode": "managed",
      "type": "azurerm_resource_group",
      "name": "rgNetwork",
      "provider": "provider[\"registry.terraform.io/hashicorp/azurerm\"].Main",
      "instances": [
        {
          "schema_version": 0,
          "attributes": {
            "id": "/subscriptions/4eba850c-01a8-4df2-ab0e-99abc5db481c/resourceGroups/Corp-Lon-Network",
            "location": "uksouth",
            "name": "Corp-Lon-Network",
            "tags": {},
            "timeouts": null
          },
          "sensitive_attributes": [],
          "private": "eyJlMmJmYjczMC1lY2FhLTExZTYtOGY4OC0zNDM2M2JjN2M0YzAiOnsiY3JlYXRlIjo1NDAwMDAwMDAwMDAwLCJkZWxldGUiOjU0MDAwMDAwMDAwMDAsInJlYWQiOjMwMDAwMDAwMDAwMCwidXBkYXRlIjo1NDAwMDAwMDAwMDAwfX0="
        }
      ]
    },
    {
      "mode": "managed",
      "type": "azurerm_resource_group",
      "name": "rgSec",
      "provider": "provider[\"registry.terraform.io/hashicorp/azurerm\"].Main",
      "instances": [
        {
          "schema_version": 0,
          "attributes": {
            "id": "/subscriptions/4eba850c-01a8-4df2-ab0e-99abc5db481c/resourceGroups/Corp-Lon-Security",
            "location": "uksouth",
            "name": "Corp-Lon-Security",
            "tags": {},
            "timeouts": null
          },
          "sensitive_attributes": [],
          "private": "eyJlMmJmYjczMC1lY2FhLTExZTYtOGY4OC0zNDM2M2JjN2M0YzAiOnsiY3JlYXRlIjo1NDAwMDAwMDAwMDAwLCJkZWxldGUiOjU0MDAwMDAwMDAwMDAsInJlYWQiOjMwMDAwMDAwMDAwMCwidXBkYXRlIjo1NDAwMDAwMDAwMDAwfX0="
        }
      ]
    },
    {
      "mode": "managed",
      "type": "azurerm_resource_group",
      "name": "rgStorage",
      "provider": "provider[\"registry.terraform.io/hashicorp/azurerm\"].Main",
      "instances": [
        {
          "schema_version": 0,
          "attributes": {
            "id": "/subscriptions/4eba850c-01a8-4df2-ab0e-99abc5db481c/resourceGroups/Corp-Lon-Storage",
            "location": "uksouth",
            "name": "Corp-Lon-Storage",
            "tags": {},
            "timeouts": null
          },
          "sensitive_attributes": [],
          "private": "eyJlMmJmYjczMC1lY2FhLTExZTYtOGY4OC0zNDM2M2JjN2M0YzAiOnsiY3JlYXRlIjo1NDAwMDAwMDAwMDAwLCJkZWxldGUiOjU0MDAwMDAwMDAwMDAsInJlYWQiOjMwMDAwMDAwMDAwMCwidXBkYXRlIjo1NDAwMDAwMDAwMDAwfX0="
        }
      ]
    },
    {
      "mode": "managed",
      "type": "azurerm_resource_group",
      "name": "rgVault",
      "provider": "provider[\"registry.terraform.io/hashicorp/azurerm\"].Main",
      "instances": [
        {
          "schema_version": 0,
          "attributes": {
            "id": "/subscriptions/4eba850c-01a8-4df2-ab0e-99abc5db481c/resourceGroups/Corp-Lon-Vault",
            "location": "uksouth",
            "name": "Corp-Lon-Vault",
            "tags": {},
            "timeouts": null
          },
          "sensitive_attributes": [],
          "private": "eyJlMmJmYjczMC1lY2FhLTExZTYtOGY4OC0zNDM2M2JjN2M0YzAiOnsiY3JlYXRlIjo1NDAwMDAwMDAwMDAwLCJkZWxldGUiOjU0MDAwMDAwMDAwMDAsInJlYWQiOjMwMDAwMDAwMDAwMCwidXBkYXRlIjo1NDAwMDAwMDAwMDAwfX0="
        }
      ]
    },
    {
      "mode": "managed",
      "type": "azurerm_subnet",
      "name": "subnetInfra",
      "provider": "provider[\"registry.terraform.io/hashicorp/azurerm\"].Main",
      "instances": [
        {
          "schema_version": 0,
          "attributes": {
            "address_prefixes": [
              "10.0.2.0/24"
            ],
            "delegation": [],
            "enforce_private_link_endpoint_network_policies": false,
            "enforce_private_link_service_network_policies": false,
            "id": "/subscriptions/4eba850c-01a8-4df2-ab0e-99abc5db481c/resourceGroups/Corp-Lon-Network/providers/Microsoft.Network/virtualNetworks/Corp-Lon-Core-VNET/subnets/Corp-Lon-Core-VNET-Subnet-Clients",
            "name": "Corp-Lon-Core-VNET-Subnet-Clients",
            "resource_group_name": "Corp-Lon-Network",
            "service_endpoint_policy_ids": [],
            "service_endpoints": [],
            "timeouts": null,
            "virtual_network_name": "Corp-Lon-Core-VNET"
          },
          "sensitive_attributes": [],
          "private": "eyJlMmJmYjczMC1lY2FhLTExZTYtOGY4OC0zNDM2M2JjN2M0YzAiOnsiY3JlYXRlIjoxODAwMDAwMDAwMDAwLCJkZWxldGUiOjE4MDAwMDAwMDAwMDAsInJlYWQiOjMwMDAwMDAwMDAwMCwidXBkYXRlIjoxODAwMDAwMDAwMDAwfX0=",
          "dependencies": [
            "azurerm_network_security_group.loncorpnetNSGInfra",
            "azurerm_resource_group.rgNetwork",
            "azurerm_virtual_network.loncorpnetcore"
          ]
        }
      ]
    },
    {
      "mode": "managed",
      "type": "azurerm_virtual_network",
      "name": "loncorpnetcore",
      "provider": "provider[\"registry.terraform.io/hashicorp/azurerm\"].Main",
      "instances": [
        {
          "schema_version": 0,
          "attributes": {
            "address_space": [
              "10.0.0.0/16"
            ],
            "bgp_community": "",
            "ddos_protection_plan": [],
            "dns_servers": [
              "10.0.0.4",
              "10.0.0.5"
            ],
            "edge_zone": "",
            "flow_timeout_in_minutes": 0,
            "guid": "b9958843-eafe-4f55-a2b1-b8deadab32f2",
            "id": "/subscriptions/4eba850c-01a8-4df2-ab0e-99abc5db481c/resourceGroups/Corp-Lon-Network/providers/Microsoft.Network/virtualNetworks/Corp-Lon-Core-VNET",
            "location": "uksouth",
            "name": "Corp-Lon-Core-VNET",
            "resource_group_name": "Corp-Lon-Network",
            "subnet": [
              {
                "address_prefix": "10.0.1.0/24",
                "id": "/subscriptions/4eba850c-01a8-4df2-ab0e-99abc5db481c/resourceGroups/Corp-Lon-Network/providers/Microsoft.Network/virtualNetworks/Corp-Lon-Core-VNET/subnets/Corp-Lon-Core-VNET-Subnet-Infra",
                "name": "Corp-Lon-Core-VNET-Subnet-Infra",
                "security_group": "/subscriptions/4eba850c-01a8-4df2-ab0e-99abc5db481c/resourceGroups/Corp-Lon-Network/providers/Microsoft.Network/networkSecurityGroups/Corp-Lon-Core-Network-NSGInfra"
              }
            ],
            "tags": {},
            "timeouts": null
          },
          "sensitive_attributes": [],
          "private": "eyJlMmJmYjczMC1lY2FhLTExZTYtOGY4OC0zNDM2M2JjN2M0YzAiOnsiY3JlYXRlIjoxODAwMDAwMDAwMDAwLCJkZWxldGUiOjE4MDAwMDAwMDAwMDAsInJlYWQiOjMwMDAwMDAwMDAwMCwidXBkYXRlIjoxODAwMDAwMDAwMDAwfX0=",
          "dependencies": [
            "azurerm_network_security_group.loncorpnetNSGInfra",
            "azurerm_resource_group.rgNetwork"
          ]
        }
      ]
    },
    {
      "mode": "managed",
      "type": "azurerm_virtual_network",
      "name": "loninternetvnet",
      "provider": "provider[\"registry.terraform.io/hashicorp/azurerm\"].Main",
      "instances": [
        {
          "schema_version": 0,
          "attributes": {
            "address_space": [
              "20.0.0.0/16"
            ],
            "bgp_community": "",
            "ddos_protection_plan": [],
            "dns_servers": [],
            "edge_zone": "",
            "flow_timeout_in_minutes": 0,
            "guid": "4c096455-c59b-497b-a2d6-0fc18ee3cc13",
            "id": "/subscriptions/4eba850c-01a8-4df2-ab0e-99abc5db481c/resourceGroups/Corp-Lon-Internet/providers/Microsoft.Network/virtualNetworks/Corp-Lon-Internet-Vnet",
            "location": "uksouth",
            "name": "Corp-Lon-Internet-Vnet",
            "resource_group_name": "Corp-Lon-Internet",
            "subnet": [
              {
                "address_prefix": "20.0.1.0/24",
                "id": "/subscriptions/4eba850c-01a8-4df2-ab0e-99abc5db481c/resourceGroups/Corp-Lon-Internet/providers/Microsoft.Network/virtualNetworks/Corp-Lon-Internet-Vnet/subnets/Corp-Lon-Internet-Subnet",
                "name": "Corp-Lon-Internet-Subnet",
                "security_group": "/subscriptions/4eba850c-01a8-4df2-ab0e-99abc5db481c/resourceGroups/Corp-Lon-Internet/providers/Microsoft.Network/networkSecurityGroups/Corp-Lon-Internet-NSG"
              }
            ],
            "tags": {
              "Office": "London",
              "environment": "Production",
              "type": "External"
            },
            "timeouts": null
          },
          "sensitive_attributes": [],
          "private": "eyJlMmJmYjczMC1lY2FhLTExZTYtOGY4OC0zNDM2M2JjN2M0YzAiOnsiY3JlYXRlIjoxODAwMDAwMDAwMDAwLCJkZWxldGUiOjE4MDAwMDAwMDAwMDAsInJlYWQiOjMwMDAwMDAwMDAwMCwidXBkYXRlIjoxODAwMDAwMDAwMDAwfX0=",
          "dependencies": [
            "azurerm_network_security_group.Lonintenretnsg",
            "azurerm_resource_group.Loninternet"
          ]
        }
      ]
    }
  ],
  "check_results": null
}
